// !$*UTF8*$!
{
	archiveVersion = 1;
	classes = {
	};
	objectVersion = 46;
	objects = {

/* Begin PBXBuildFile section */
		E63C965E1DE076A600D79D15 /* Tree.swift in Sources */ = {isa = PBXBuildFile; fileRef = E63C965D1DE076A600D79D15 /* Tree.swift */; };
		E6F68B3E1DDEBCF500CECF70 /* main.swift in Sources */ = {isa = PBXBuildFile; fileRef = E6F68B3D1DDEBCF500CECF70 /* main.swift */; };
		E6F68B451DDEBD8600CECF70 /* Stack.swift in Sources */ = {isa = PBXBuildFile; fileRef = E6F68B441DDEBD8600CECF70 /* Stack.swift */; };
/* End PBXBuildFile section */

/* Begin PBXCopyFilesBuildPhase section */
		E6F68B381DDEBCF500CECF70 /* CopyFiles */ = {
			isa = PBXCopyFilesBuildPhase;
			buildActionMask = 2147483647;
			dstPath = /usr/share/man/man1/;
			dstSubfolderSpec = 0;
			files = (
			);
			runOnlyForDeploymentPostprocessing = 1;
		};
/* End PBXCopyFilesBuildPhase section */

/* Begin PBXFileReference section */
		E63C965D1DE076A600D79D15 /* Tree.swift */ = {isa = PBXFileReference; fileEncoding = 4; lastKnownFileType = sourcecode.swift; path = Tree.swift; sourceTree = "<group>"; };
		E6F68B3A1DDEBCF500CECF70 /* TheSonOfTreeSwift */ = {isa = PBXFileReference; explicitFileType = "compiled.mach-o.executable"; includeInIndex = 0; path = TheSonOfTreeSwift; sourceTree = BUILT_PRODUCTS_DIR; };
		E6F68B3D1DDEBCF500CECF70 /* main.swift */ = {isa = PBXFileReference; lastKnownFileType = sourcecode.swift; path = main.swift; sourceTree = "<group>"; };
		E6F68B441DDEBD8600CECF70 /* Stack.swift */ = {isa = PBXFileReference; fileEncoding = 4; lastKnownFileType = sourcecode.swift; path = Stack.swift; sourceTree = "<group>"; };
/* End PBXFileReference section */

/* Begin PBXFrameworksBuildPhase section */
		E6F68B371DDEBCF500CECF70 /* Frameworks */ = {
			isa = PBXFrameworksBuildPhase;
			buildActionMask = 2147483647;
			files = (
			);
			runOnlyForDeploymentPostprocessing = 0;
		};
/* End PBXFrameworksBuildPhase section */

/* Begin PBXGroup section */
		E6F68B311DDEBCF500CECF70 = {
			isa = PBXGroup;
			children = (
				E6F68B3C1DDEBCF500CECF70 /* TheSonOfTreeSwift */,
				E6F68B3B1DDEBCF500CECF70 /* Products */,
			);
			sourceTree = "<group>";
		};
		E6F68B3B1DDEBCF500CECF70 /* Products */ = {
			isa = PBXGroup;
			children = (
				E6F68B3A1DDEBCF500CECF70 /* TheSonOfTreeSwift */,
			);
			name = Products;
			sourceTree = "<group>";
		};
		E6F68B3C1DDEBCF500CECF70 /* TheSonOfTreeSwift */ = {
			isa = PBXGroup;
			children = (
				E6F68B441DDEBD8600CECF70 /* Stack.swift */,
				E6F68B3D1DDEBCF500CECF70 /* main.swift */,
				E63C965D1DE076A600D79D15 /* Tree.swift */,
			);
			path = TheSonOfTreeSwift;
			sourceTree = "<group>";
		};
/* End PBXGroup section */

/* Begin PBXNativeTarget section */
		E6F68B391DDEBCF500CECF70 /* TheSonOfTreeSwift */ = {
			isa = PBXNativeTarget;
			buildConfigurationList = E6F68B411DDEBCF500CECF70 /* Build configuration list for PBXNativeTarget "TheSonOfTreeSwift" */;
			buildPhases = (
				E6F68B361DDEBCF500CECF70 /* Sources */,
				E6F68B371DDEBCF500CECF70 /* Frameworks */,
				E6F68B381DDEBCF500CECF70 /* CopyFiles */,
			);
			buildRules = (
			);
			dependencies = (
			);
			name = TheSonOfTreeSwift;
			productName = TheSonOfTreeSwift;
			productReference = E6F68B3A1DDEBCF500CECF70 /* TheSonOfTreeSwift */;
			productType = "com.apple.product-type.tool";
		};
/* End PBXNativeTarget section */

/* Begin PBXProject section */
		E6F68B321DDEBCF500CECF70 /* Project object */ = {
			isa = PBXProject;
			attributes = {
				LastSwiftUpdateCheck = 0810;
				LastUpgradeCheck = 0810;
				ORGANIZATIONNAME = chaiyanpu;
				TargetAttributes = {
					E6F68B391DDEBCF500CECF70 = {
						CreatedOnToolsVersion = 8.1;
						DevelopmentTeam = RGKNBLUMCS;
						ProvisioningStyle = Automatic;
					};
				};
			};
			buildConfigurationList = E6F68B351DDEBCF500CECF70 /* Build configuration list for PBXProject "TheSonOfTreeSwift" */;
			compatibilityVersion = "Xcode 3.2";
			developmentRegion = English;
			hasScannedForEncodings = 0;
			knownRegions = (
				en,
			);
			mainGroup = E6F68B311DDEBCF500CECF70;
			productRefGroup = E6F68B3B1DDEBCF500CECF70 /* Products */;
			projectDirPath = "";
			projectRoot = "";
			targets = (
				E6F68B391DDEBCF500CECF70 /* TheSonOfTreeSwift */,
			);
		};
/* End PBXProject section */

/* Begin PBXSourcesBuildPhase section */
		E6F68B361DDEBCF500CECF70 /* Sources */ = {
			isa = PBXSourcesBuildPhase;
			buildActionMask = 2147483647;
			files = (
				E63C965E1DE076A600D79D15 /* Tree.swift in Sources */,
				E6F68B451DDEBD8600CECF70 /* Stack.swift in Sources */,
				E6F68B3E1DDEBCF500CECF70 /* main.swift in Sources */,
			);
			runOnlyForDeploymentPostprocessing = 0;
		};
/* End PBXSourcesBuildPhase section */

/* Begin XCBuildConfiguration section */
		E6F68B3F1DDEBCF500CECF70 /* Debug */ = {
			isa = XCBuildConfiguration;
			buildSettings = {
				ALWAYS_SEARCH_USER_PATHS = NO;
				CLANG_ANALYZER_NONNULL = YES;
				CLANG_CXX_LANGUAGE_STANDARD = "gnu++0x";
				CLANG_CXX_LIBRARY = "libc++";
				CLANG_ENABLE_MODULES = YES;
				CLANG_ENABLE_OBJC_ARC = YES;
				CLANG_WARN_BOOL_CONVERSION = YES;
				CLANG_WARN_CONSTANT_CONVERSION = YES;
				CLANG_WARN_DIRECT_OBJC_ISA_USAGE = YES_ERROR;
				CLANG_WARN_DOCUMENTATION_COMMENTS = YES;
				CLANG_WARN_EMPTY_BODY = YES;
				CLANG_WARN_ENUM_CONVERSION = YES;
				CLANG_WARN_INFINITE_RECURSION = YES;
				CLANG_WARN_INT_CONVERSION = YES;
				CLANG_WARN_OBJC_ROOT_CLASS = YES_ERROR;
				CLANG_WARN_SUSPICIOUS_MOVES = YES;
				CLANG_WARN_UNREACHABLE_CODE = YES;
				CLANG_WARN__DUPLICATE_METHOD_MATCH = YES;
				CODE_SIGN_IDENTITY = "-";
				COPY_PHASE_STRIP = NO;
				DEBUG_INFORMATION_FORMAT = dwarf;
				ENABLE_STRICT_OBJC_MSGSEND = YES;
				ENABLE_TESTABILITY = YES;
				GCC_C_LANGUAGE_STANDARD = gnu99;
				GCC_DYNAMIC_NO_PIC = NO;
				GCC_NO_COMMON_BLOCKS = YES;
				GCC_OPTIMIZATION_LEVEL = 0;
				GCC_PREPROCESSOR_DEFINITIONS = (
					"DEBUG=1",
					"$(inherited)",
				);
				GCC_WARN_64_TO_32_BIT_CONVERSION = YES;
				GCC_WARN_ABOUT_RETURN_TYPE = YES_ERROR;
				GCC_WARN_UNDECLARED_SELECTOR = YES;
				GCC_WARN_UNINITIALIZED_AUTOS = YES_AGGRESSIVE;
				GCC_WARN_UNUSED_FUNCTION = YES;
				GCC_WARN_UNUSED_VARIABLE = YES;
				MACOSX_DEPLOYMENT_TARGET = 10.12;
				MTL_ENABLE_DEBUG_INFO = YES;
				ONLY_ACTIVE_ARCH = YES;
				SDKROOT = macosx;
				SWIFT_OPTIMIZATION_LEVEL = "-Onone";
			};
			name = Debug;
		};
		E6F68B401DDEBCF500CECF70 /* Release */ = {
			isa = XCBuildConfiguration;
			buildSettings = {
				ALWAYS_SEARCH_USER_PATHS = NO;
				CLANG_ANALYZER_NONNULL = YES;
				CLANG_CXX_LANGUAGE_STANDARD = "gnu++0x";
				CLANG_CXX_LIBRARY = "libc++";
				CLANG_ENABLE_MODULES = YES;
				CLANG_ENABLE_OBJC_ARC = YES;
				CLANG_WARN_BOOL_CONVERSION = YES;
				CLANG_WARN_CONSTANT_CONVERSION = YES;
				CLANG_WARN_DIRECT_OBJC_ISA_USAGE = YES_ERROR;
				CLANG_WARN_DOCUMENTATION_COMMENTS = YES;
				CLANG_WARN_EMPTY_BODY = YES;
				CLANG_WARN_ENUM_CONVERSION = YES;
				CLANG_WARN_INFINITE_RECURSION = YES;
				CLANG_WARN_INT_CONVERSION = YES;
				CLANG_WARN_OBJC_ROOT_CLASS = YES_ERROR;
				CLANG_WARN_SUSPICIOUS_MOVES = YES;
				CLANG_WARN_UNREACHABLE_CODE = YES;
				CLANG_WARN__DUPLICATE_METHOD_MATCH = YES;
				CODE_SIGN_IDENTITY = "-";
				COPY_PHASE_STRIP = NO;
				DEBUG_INFORMATION_FORMAT = "dwarf-with-dsym";
				ENABLE_NS_ASSERTIONS = NO;
				ENABLE_STRICT_OBJC_MSGSEND = YES;
				GCC_C_LANGUAGE_STANDARD = gnu99;
				GCC_NO_COMMON_BLOCKS = YES;
				GCC_WARN_64_TO_32_BIT_CONVERSION = YES;
				GCC_WARN_ABOUT_RETURN_TYPE = YES_ERROR;
				GCC_WARN_UNDECLARED_SELECTOR = YES;
				GCC_WARN_UNINITIALIZED_AUTOS = YES_AGGRESSIVE;
				GCC_WARN_UNUSED_FUNCTION = YES;
				GCC_WARN_UNUSED_VARIABLE = YES;
				MACOSX_DEPLOYMENT_TARGET = 10.12;
				MTL_ENABLE_DEBUG_INFO = NO;
				SDKROOT = macosx;
			};
			name = Release;
		};
		E6F68B421DDEBCF500CECF70 /* Debug */ = {
			isa = XCBuildConfiguration;
			buildSettings = {
				DEVELOPMENT_TEAM = RGKNBLUMCS;
				PRODUCT_NAME = "$(TARGET_NAME)";
				SWIFT_VERSION = 3.0;
			};
			name = Debug;
		};
		E6F68B431DDEBCF500CECF70 /* Release */ = {
			isa = XCBuildConfiguration;
			buildSettings = {
				DEVELOPMENT_TEAM = RGKNBLUMCS;
				PRODUCT_NAME = "$(TARGET_NAME)";
				SWIFT_VERSION = 3.0;
			};
			name = Release;
		};
/* End XCBuildConfiguration section */

/* Begin XCConfigurationList section */
		E6F68B351DDEBCF500CECF70 /* Build configuration list for PBXProject "TheSonOfTreeSwift" */ = {
			isa = XCConfigurationList;
			buildConfigurations = (
				E6F68B3F1DDEBCF500CECF70 /* Debug */,
				E6F68B401DDEBCF500CECF70 /* Release */,
			);
			defaultConfigurationIsVisible = 0;
			defaultConfigurationName = Release;
		};
		E6F68B411DDEBCF500CECF70 /* Build configuration list for PBXNativeTarget "TheSonOfTreeSwift" */ = {
			isa = XCConfigurationList;
			buildConfigurations = (
				E6F68B421DDEBCF500CECF70 /* Debug */,
				E6F68B431DDEBCF500CECF70 /* Release */,
			);
			defaultConfigurationIsVisible = 0;
			defaultConfigurationName = Release;
		};
/* End XCConfigurationList section */
	};
	rootObject = E6F68B321DDEBCF500CECF70 /* Project object */;
}
